// !$*UTF8*$!
{
	archiveVersion = 1;
	classes = {
	};
	objectVersion = 46;
	objects = {

/* Begin PBXBuildFile section */
		3B3EE30F13F4C7220093C9F8 /* Icon-72.png in Resources */ = {isa = PBXBuildFile; fileRef = 3B3EE30813F4C7220093C9F8 /* Icon-72.png */; };
		3B3EE31013F4C7220093C9F8 /* Icon-Small-50.png in Resources */ = {isa = PBXBuildFile; fileRef = 3B3EE30913F4C7220093C9F8 /* Icon-Small-50.png */; };
		3B3EE31113F4C7220093C9F8 /* Icon-Small.png in Resources */ = {isa = PBXBuildFile; fileRef = 3B3EE30A13F4C7220093C9F8 /* Icon-Small.png */; };
		3B3EE31213F4C7220093C9F8 /* Icon-Small@2x.png in Resources */ = {isa = PBXBuildFile; fileRef = 3B3EE30B13F4C7220093C9F8 /* Icon-Small@2x.png */; };
		3B3EE31313F4C7220093C9F8 /* Icon.png in Resources */ = {isa = PBXBuildFile; fileRef = 3B3EE30C13F4C7220093C9F8 /* Icon.png */; };
		3B3EE31413F4C7220093C9F8 /* Icon@2x.png in Resources */ = {isa = PBXBuildFile; fileRef = 3B3EE30D13F4C7220093C9F8 /* Icon@2x.png */; };
		3B3EE31513F4C7220093C9F8 /* iTunesArtwork in Resources */ = {isa = PBXBuildFile; fileRef = 3B3EE30E13F4C7220093C9F8 /* iTunesArtwork */; };
		3B3EE34413F4D1BB0093C9F8 /* bk.png in Resources */ = {isa = PBXBuildFile; fileRef = 3B3EE31E13F4D1BB0093C9F8 /* bk.png */; };
		3B3EE34513F4D1BB0093C9F8 /* bk@2x.png in Resources */ = {isa = PBXBuildFile; fileRef = 3B3EE31F13F4D1BB0093C9F8 /* bk@2x.png */; };
		3B3EE34713F4D1BB0093C9F8 /* EmailDown.png in Resources */ = {isa = PBXBuildFile; fileRef = 3B3EE32113F4D1BB0093C9F8 /* EmailDown.png */; };
		3B3EE34813F4D1BB0093C9F8 /* EmailDown@2x.png in Resources */ = {isa = PBXBuildFile; fileRef = 3B3EE32213F4D1BB0093C9F8 /* EmailDown@2x.png */; };
		3B3EE34913F4D1BB0093C9F8 /* EmailDown~ipad.png in Resources */ = {isa = PBXBuildFile; fileRef = 3B3EE32313F4D1BB0093C9F8 /* EmailDown~ipad.png */; };
		3B3EE34A13F4D1BB0093C9F8 /* EmailUp.png in Resources */ = {isa = PBXBuildFile; fileRef = 3B3EE32413F4D1BB0093C9F8 /* EmailUp.png */; };
		3B3EE34B13F4D1BB0093C9F8 /* EmailUp@2x.png in Resources */ = {isa = PBXBuildFile; fileRef = 3B3EE32513F4D1BB0093C9F8 /* EmailUp@2x.png */; };
		3B3EE34C13F4D1BB0093C9F8 /* EmailUp~ipad.png in Resources */ = {isa = PBXBuildFile; fileRef = 3B3EE32613F4D1BB0093C9F8 /* EmailUp~ipad.png */; };
		3B3EE34D13F4D1BB0093C9F8 /* logo.png in Resources */ = {isa = PBXBuildFile; fileRef = 3B3EE32713F4D1BB0093C9F8 /* logo.png */; };
		3B3EE34E13F4D1BB0093C9F8 /* logo@2x.png in Resources */ = {isa = PBXBuildFile; fileRef = 3B3EE32813F4D1BB0093C9F8 /* logo@2x.png */; };
		3B3EE34F13F4D1BB0093C9F8 /* logo~ipad.png in Resources */ = {isa = PBXBuildFile; fileRef = 3B3EE32913F4D1BB0093C9F8 /* logo~ipad.png */; };
		3B3EE35013F4D1BB0093C9F8 /* logoFrame.png in Resources */ = {isa = PBXBuildFile; fileRef = 3B3EE32A13F4D1BB0093C9F8 /* logoFrame.png */; };
		3B3EE35113F4D1BB0093C9F8 /* logoFrame@2x.png in Resources */ = {isa = PBXBuildFile; fileRef = 3B3EE32B13F4D1BB0093C9F8 /* logoFrame@2x.png */; };
		3B3EE35213F4D1BB0093C9F8 /* logoframe~ipad.png in Resources */ = {isa = PBXBuildFile; fileRef = 3B3EE32C13F4D1BB0093C9F8 /* logoframe~ipad.png */; };
		3B3EE35313F4D1BB0093C9F8 /* mask.png in Resources */ = {isa = PBXBuildFile; fileRef = 3B3EE32D13F4D1BB0093C9F8 /* mask.png */; };
		3B3EE35413F4D1BB0093C9F8 /* mask@2x.png in Resources */ = {isa = PBXBuildFile; fileRef = 3B3EE32E13F4D1BB0093C9F8 /* mask@2x.png */; };
		3B3EE35513F4D1BB0093C9F8 /* mask~ipad.png in Resources */ = {isa = PBXBuildFile; fileRef = 3B3EE32F13F4D1BB0093C9F8 /* mask~ipad.png */; };
		3B3EE35813F4D1BB0093C9F8 /* pause.png in Resources */ = {isa = PBXBuildFile; fileRef = 3B3EE33213F4D1BB0093C9F8 /* pause.png */; };
		3B3EE35913F4D1BB0093C9F8 /* pause@2x.png in Resources */ = {isa = PBXBuildFile; fileRef = 3B3EE33313F4D1BB0093C9F8 /* pause@2x.png */; };
		3B3EE35A13F4D1BB0093C9F8 /* pause~ipad.png in Resources */ = {isa = PBXBuildFile; fileRef = 3B3EE33413F4D1BB0093C9F8 /* pause~ipad.png */; };
		3B3EE35B13F4D1BB0093C9F8 /* play.png in Resources */ = {isa = PBXBuildFile; fileRef = 3B3EE33513F4D1BB0093C9F8 /* play.png */; };
		3B3EE35C13F4D1BB0093C9F8 /* play@2x.png in Resources */ = {isa = PBXBuildFile; fileRef = 3B3EE33613F4D1BB0093C9F8 /* play@2x.png */; };
		3B3EE35D13F4D1BB0093C9F8 /* play~ipad.png in Resources */ = {isa = PBXBuildFile; fileRef = 3B3EE33713F4D1BB0093C9F8 /* play~ipad.png */; };
		3B3EE35E13F4D1BB0093C9F8 /* ScheduleDown.png in Resources */ = {isa = PBXBuildFile; fileRef = 3B3EE33813F4D1BB0093C9F8 /* ScheduleDown.png */; };
		3B3EE35F13F4D1BB0093C9F8 /* ScheduleDown@2x.png in Resources */ = {isa = PBXBuildFile; fileRef = 3B3EE33913F4D1BB0093C9F8 /* ScheduleDown@2x.png */; };
		3B3EE36013F4D1BB0093C9F8 /* ScheduleDown~ipad.png in Resources */ = {isa = PBXBuildFile; fileRef = 3B3EE33A13F4D1BB0093C9F8 /* ScheduleDown~ipad.png */; };
		3B3EE36113F4D1BB0093C9F8 /* ScheduleUp.png in Resources */ = {isa = PBXBuildFile; fileRef = 3B3EE33B13F4D1BB0093C9F8 /* ScheduleUp.png */; };
		3B3EE36213F4D1BB0093C9F8 /* ScheduleUp@2x.png in Resources */ = {isa = PBXBuildFile; fileRef = 3B3EE33C13F4D1BB0093C9F8 /* ScheduleUp@2x.png */; };
		3B3EE36313F4D1BB0093C9F8 /* ScheduleUp~ipad.png in Resources */ = {isa = PBXBuildFile; fileRef = 3B3EE33D13F4D1BB0093C9F8 /* ScheduleUp~ipad.png */; };
		3B3EE36413F4D1BB0093C9F8 /* Slab.png in Resources */ = {isa = PBXBuildFile; fileRef = 3B3EE33E13F4D1BB0093C9F8 /* Slab.png */; };
		3B3EE36513F4D1BB0093C9F8 /* Slab@2x.png in Resources */ = {isa = PBXBuildFile; fileRef = 3B3EE33F13F4D1BB0093C9F8 /* Slab@2x.png */; };
		3B3EE36613F4D1BB0093C9F8 /* Slab~ipad.png in Resources */ = {isa = PBXBuildFile; fileRef = 3B3EE34013F4D1BB0093C9F8 /* Slab~ipad.png */; };
		3B3EE36713F4D1BB0093C9F8 /* textSlab.png in Resources */ = {isa = PBXBuildFile; fileRef = 3B3EE34113F4D1BB0093C9F8 /* textSlab.png */; };
		3B3EE36813F4D1BB0093C9F8 /* textSlab@2x.png in Resources */ = {isa = PBXBuildFile; fileRef = 3B3EE34213F4D1BB0093C9F8 /* textSlab@2x.png */; };
		3B3EE36913F4D1BB0093C9F8 /* textSlab~ipad.png in Resources */ = {isa = PBXBuildFile; fileRef = 3B3EE34313F4D1BB0093C9F8 /* textSlab~ipad.png */; };
		3B3EE36E13F4E9440093C9F8 /* loading.png in Resources */ = {isa = PBXBuildFile; fileRef = 3B3EE36D13F4E9440093C9F8 /* loading.png */; };
		3B3EE38113F4F47F0093C9F8 /* Default-Portrait~ipad.png in Resources */ = {isa = PBXBuildFile; fileRef = 3B3EE37E13F4F47F0093C9F8 /* Default-Portrait~ipad.png */; };
		3B3EE38213F4F47F0093C9F8 /* Default.png in Resources */ = {isa = PBXBuildFile; fileRef = 3B3EE37F13F4F47F0093C9F8 /* Default.png */; };
		3B3EE38313F4F47F0093C9F8 /* Default@2x.png in Resources */ = {isa = PBXBuildFile; fileRef = 3B3EE38013F4F47F0093C9F8 /* Default@2x.png */; };
		3B44181C13FDB7FC007BDA3B /* MainView~iPad.xib in Resources */ = {isa = PBXBuildFile; fileRef = 3B44181A13FDB7FC007BDA3B /* MainView~iPad.xib */; };
		3B44181F13FDB80A007BDA3B /* MainViewController_iPad.mm in Sources */ = {isa = PBXBuildFile; fileRef = 3B44181E13FDB80A007BDA3B /* MainViewController_iPad.mm */; };
		3B48762413F0E038001E87A4 /* AudioStreamer.m in Sources */ = {isa = PBXBuildFile; fileRef = 3B4875D613F0E038001E87A4 /* AudioStreamer.m */; };
		3B48762513F0E038001E87A4 /* AQLevelMeter.mm in Sources */ = {isa = PBXBuildFile; fileRef = 3B4875D913F0E038001E87A4 /* AQLevelMeter.mm */; };
		3B48762613F0E038001E87A4 /* GLLevelMeter.m in Sources */ = {isa = PBXBuildFile; fileRef = 3B4875DB13F0E038001E87A4 /* GLLevelMeter.m */; };
		3B48762713F0E038001E87A4 /* LevelMeter.m in Sources */ = {isa = PBXBuildFile; fileRef = 3B4875DD13F0E038001E87A4 /* LevelMeter.m */; };
		3B48762813F0E038001E87A4 /* LevelView.mm in Sources */ = {isa = PBXBuildFile; fileRef = 3B4875DF13F0E038001E87A4 /* LevelView.mm */; };
		3B48762913F0E038001E87A4 /* MeterTable.cpp in Sources */ = {isa = PBXBuildFile; fileRef = 3B4875E013F0E038001E87A4 /* MeterTable.cpp */; };
		3B48762A13F0E038001E87A4 /* CADebugMacros.mm in Sources */ = {isa = PBXBuildFile; fileRef = 3B4875E413F0E038001E87A4 /* CADebugMacros.mm */; };
		3B48762B13F0E038001E87A4 /* CADebugPrintf.cpp in Sources */ = {isa = PBXBuildFile; fileRef = 3B4875E513F0E038001E87A4 /* CADebugPrintf.cpp */; };
		3B48762C13F0E038001E87A4 /* CAStreamBasicDescription.mm in Sources */ = {isa = PBXBuildFile; fileRef = 3B4875E913F0E038001E87A4 /* CAStreamBasicDescription.mm */; };
		3B48762D13F0E038001E87A4 /* CAXException.mm in Sources */ = {isa = PBXBuildFile; fileRef = 3B4875EB13F0E038001E87A4 /* CAXException.mm */; };
		3B48764613F0E05C001E87A4 /* NSObject+SBJson.m in Sources */ = {isa = PBXBuildFile; fileRef = 3B48763013F0E05C001E87A4 /* NSObject+SBJson.m */; };
		3B48764713F0E05C001E87A4 /* SBJsonParser.m in Sources */ = {isa = PBXBuildFile; fileRef = 3B48763313F0E05C001E87A4 /* SBJsonParser.m */; };
		3B48764813F0E05C001E87A4 /* SBJsonStreamParser.m in Sources */ = {isa = PBXBuildFile; fileRef = 3B48763513F0E05C001E87A4 /* SBJsonStreamParser.m */; };
		3B48764913F0E05C001E87A4 /* SBJsonStreamParserAccumulator.m in Sources */ = {isa = PBXBuildFile; fileRef = 3B48763713F0E05C001E87A4 /* SBJsonStreamParserAccumulator.m */; };
		3B48764A13F0E05C001E87A4 /* SBJsonStreamParserState.m in Sources */ = {isa = PBXBuildFile; fileRef = 3B48763913F0E05C001E87A4 /* SBJsonStreamParserState.m */; };
		3B48764B13F0E05C001E87A4 /* SBJsonStreamWriter.m in Sources */ = {isa = PBXBuildFile; fileRef = 3B48763B13F0E05C001E87A4 /* SBJsonStreamWriter.m */; };
		3B48764C13F0E05C001E87A4 /* SBJsonStreamWriterAccumulator.m in Sources */ = {isa = PBXBuildFile; fileRef = 3B48763D13F0E05C001E87A4 /* SBJsonStreamWriterAccumulator.m */; };
		3B48764D13F0E05C001E87A4 /* SBJsonStreamWriterState.m in Sources */ = {isa = PBXBuildFile; fileRef = 3B48763F13F0E05C001E87A4 /* SBJsonStreamWriterState.m */; };
		3B48764E13F0E05C001E87A4 /* SBJsonTokeniser.m in Sources */ = {isa = PBXBuildFile; fileRef = 3B48764113F0E05C001E87A4 /* SBJsonTokeniser.m */; };
		3B48764F13F0E05C001E87A4 /* SBJsonUTF8Stream.m in Sources */ = {isa = PBXBuildFile; fileRef = 3B48764313F0E05C001E87A4 /* SBJsonUTF8Stream.m */; };
		3B48765013F0E05C001E87A4 /* SBJsonWriter.m in Sources */ = {isa = PBXBuildFile; fileRef = 3B48764513F0E05C001E87A4 /* SBJsonWriter.m */; };
		3B48765313F0E0BB001E87A4 /* TwitterFeed.m in Sources */ = {isa = PBXBuildFile; fileRef = 3B48765213F0E0BB001E87A4 /* TwitterFeed.m */; };
		3B5CC3A113F36AFD0050431B /* RadioConfig.plist in Resources */ = {isa = PBXBuildFile; fileRef = 3B5CC3A013F36AFD0050431B /* RadioConfig.plist */; };
		3B60B21913F7692700C6D10A /* loading@2x.png in Resources */ = {isa = PBXBuildFile; fileRef = 3B60B21713F7692700C6D10A /* loading@2x.png */; };
		3B60B21A13F7692700C6D10A /* loading~ipad.png in Resources */ = {isa = PBXBuildFile; fileRef = 3B60B21813F7692700C6D10A /* loading~ipad.png */; };
		3B6DD52E13DC77A000400D86 /* Errors.strings in Resources */ = {isa = PBXBuildFile; fileRef = 3B6DD52C13DC77A000400D86 /* Errors.strings */; };
		3B6DD54613DCC3FE00400D86 /* MessageUI.framework in Frameworks */ = {isa = PBXBuildFile; fileRef = 3B6DD54513DCC3FE00400D86 /* MessageUI.framework */; };
		3B86F78C13DBB83200B9C7A2 /* UIKit.framework in Frameworks */ = {isa = PBXBuildFile; fileRef = 3B86F78B13DBB83200B9C7A2 /* UIKit.framework */; };
		3B86F78E13DBB83200B9C7A2 /* Foundation.framework in Frameworks */ = {isa = PBXBuildFile; fileRef = 3B86F78D13DBB83200B9C7A2 /* Foundation.framework */; };
		3B86F79013DBB83200B9C7A2 /* CoreGraphics.framework in Frameworks */ = {isa = PBXBuildFile; fileRef = 3B86F78F13DBB83200B9C7A2 /* CoreGraphics.framework */; };
		3B86F79613DBB83200B9C7A2 /* InfoPlist.strings in Resources */ = {isa = PBXBuildFile; fileRef = 3B86F79413DBB83200B9C7A2 /* InfoPlist.strings */; };
		3B86F79913DBB83200B9C7A2 /* main.m in Sources */ = {isa = PBXBuildFile; fileRef = 3B86F79813DBB83200B9C7A2 /* main.m */; };
		3B86F79C13DBB83200B9C7A2 /* MIX94AppDelegate.mm in Sources */ = {isa = PBXBuildFile; fileRef = 3B86F79B13DBB83200B9C7A2 /* MIX94AppDelegate.mm */; };
		3B86F79F13DBB83200B9C7A2 /* MainWindow.xib in Resources */ = {isa = PBXBuildFile; fileRef = 3B86F79D13DBB83200B9C7A2 /* MainWindow.xib */; };
		3B86F7A213DBB83200B9C7A2 /* MainViewController.mm in Sources */ = {isa = PBXBuildFile; fileRef = 3B86F7A113DBB83200B9C7A2 /* MainViewController.mm */; };
		3B86F7A413DBB83200B9C7A2 /* MainView.xib in Resources */ = {isa = PBXBuildFile; fileRef = 3B86F7A313DBB83200B9C7A2 /* MainView.xib */; };
		3B86F7A713DBB83200B9C7A2 /* FlipsideViewController.m in Sources */ = {isa = PBXBuildFile; fileRef = 3B86F7A613DBB83200B9C7A2 /* FlipsideViewController.m */; };
		3B86F7E113DBC6D400B9C7A2 /* CoreAudio.framework in Frameworks */ = {isa = PBXBuildFile; fileRef = 3B86F7E013DBC6D400B9C7A2 /* CoreAudio.framework */; };
		3B86F7E313DBC6DA00B9C7A2 /* OpenGLES.framework in Frameworks */ = {isa = PBXBuildFile; fileRef = 3B86F7E213DBC6DA00B9C7A2 /* OpenGLES.framework */; };
		3B86F7E813DBC7D000B9C7A2 /* CFNetwork.framework in Frameworks */ = {isa = PBXBuildFile; fileRef = 3B86F7E713DBC7D000B9C7A2 /* CFNetwork.framework */; };
		3B86F7F613DBC85C00B9C7A2 /* AudioToolbox.framework in Frameworks */ = {isa = PBXBuildFile; fileRef = 3B86F7F513DBC85C00B9C7A2 /* AudioToolbox.framework */; };
		3B86F7F813DBC86F00B9C7A2 /* MediaPlayer.framework in Frameworks */ = {isa = PBXBuildFile; fileRef = 3B86F7F713DBC86F00B9C7A2 /* MediaPlayer.framework */; };
		3B86F7FA13DBC87C00B9C7A2 /* QuartzCore.framework in Frameworks */ = {isa = PBXBuildFile; fileRef = 3B86F7F913DBC87C00B9C7A2 /* QuartzCore.framework */; };
		3B9EEC4F13F758210025BB8C /* Entitlements.plist in Resources */ = {isa = PBXBuildFile; fileRef = 3B9EEC4E13F758210025BB8C /* Entitlements.plist */; };
		3BBA992B13FB7AE30025CC74 /* ContactDown.png in Resources */ = {isa = PBXBuildFile; fileRef = 3BBA992513FB7AE30025CC74 /* ContactDown.png */; };
		3BBA992C13FB7AE30025CC74 /* ContactDown@2x.png in Resources */ = {isa = PBXBuildFile; fileRef = 3BBA992613FB7AE30025CC74 /* ContactDown@2x.png */; };
		3BBA992D13FB7AE30025CC74 /* ContactDown~ipad.png in Resources */ = {isa = PBXBuildFile; fileRef = 3BBA992713FB7AE30025CC74 /* ContactDown~ipad.png */; };
		3BBA992E13FB7AE30025CC74 /* ContactUp.png in Resources */ = {isa = PBXBuildFile; fileRef = 3BBA992813FB7AE30025CC74 /* ContactUp.png */; };
		3BBA992F13FB7AE30025CC74 /* ContactUp@2x.png in Resources */ = {isa = PBXBuildFile; fileRef = 3BBA992913FB7AE30025CC74 /* ContactUp@2x.png */; };
		3BBA993013FB7AE30025CC74 /* ContactUp~ipad.png in Resources */ = {isa = PBXBuildFile; fileRef = 3BBA992A13FB7AE30025CC74 /* ContactUp~ipad.png */; };
		3BD1D97713FA0EEE007A43E6 /* bk-Landscape~ipad.png in Resources */ = {isa = PBXBuildFile; fileRef = 3BD1D97513FA0EEE007A43E6 /* bk-Landscape~ipad.png */; };
		3BD1D97A13FA1006007A43E6 /* bk~ipad.png in Resources */ = {isa = PBXBuildFile; fileRef = 3BD1D97913FA1006007A43E6 /* bk~ipad.png */; };
		3BD1D97C13FA105E007A43E6 /* Slab-Landscape~ipad.png in Resources */ = {isa = PBXBuildFile; fileRef = 3BD1D97B13FA105E007A43E6 /* Slab-Landscape~ipad.png */; };
		3BE98AA813FDA3BD0079EAC0 /* MainWindow-iPad.xib in Resources */ = {isa = PBXBuildFile; fileRef = 3BF730AF13F2433D00761C24 /* MainWindow-iPad.xib */; };
		3BE98AAC13FDA3DB0079EAC0 /* MainWindow-iPad.xib in Resources */ = {isa = PBXBuildFile; fileRef = 3BE98AAA13FDA3DB0079EAC0 /* MainWindow-iPad.xib */; };
		3BF730B113F2433D00761C24 /* MainWindow-iPad.xib in Resources */ = {isa = PBXBuildFile; fileRef = 3BF730AF13F2433D00761C24 /* MainWindow-iPad.xib */; };
		3BFFB6B013F63617007DB416 /* Default-Landscape~ipad.png in Resources */ = {isa = PBXBuildFile; fileRef = 3BFFB6AF13F63617007DB416 /* Default-Landscape~ipad.png */; };
		3BFFB6B513F637D2007DB416 /* txtMask-Landscape~ipad.png in Resources */ = {isa = PBXBuildFile; fileRef = 3BFFB6B113F637D2007DB416 /* txtMask-Landscape~ipad.png */; };
		3BFFB6B613F637D2007DB416 /* txtMask-Portrait~ipad.png in Resources */ = {isa = PBXBuildFile; fileRef = 3BFFB6B213F637D2007DB416 /* txtMask-Portrait~ipad.png */; };
		3BFFB6B713F637D2007DB416 /* txtMask.png in Resources */ = {isa = PBXBuildFile; fileRef = 3BFFB6B313F637D2007DB416 /* txtMask.png */; };
		3BFFB6B813F637D2007DB416 /* txtMask@2x.png in Resources */ = {isa = PBXBuildFile; fileRef = 3BFFB6B413F637D2007DB416 /* txtMask@2x.png */; };
/* End PBXBuildFile section */

/* Begin PBXFileReference section */
		3B3EE30813F4C7220093C9F8 /* Icon-72.png */ = {isa = PBXFileReference; lastKnownFileType = image.png; path = "Icon-72.png"; sourceTree = "<group>"; };
		3B3EE30913F4C7220093C9F8 /* Icon-Small-50.png */ = {isa = PBXFileReference; lastKnownFileType = image.png; path = "Icon-Small-50.png"; sourceTree = "<group>"; };
		3B3EE30A13F4C7220093C9F8 /* Icon-Small.png */ = {isa = PBXFileReference; lastKnownFileType = image.png; path = "Icon-Small.png"; sourceTree = "<group>"; };
		3B3EE30B13F4C7220093C9F8 /* Icon-Small@2x.png */ = {isa = PBXFileReference; lastKnownFileType = image.png; path = "Icon-Small@2x.png"; sourceTree = "<group>"; };
		3B3EE30C13F4C7220093C9F8 /* Icon.png */ = {isa = PBXFileReference; lastKnownFileType = image.png; path = Icon.png; sourceTree = "<group>"; };
		3B3EE30D13F4C7220093C9F8 /* Icon@2x.png */ = {isa = PBXFileReference; lastKnownFileType = image.png; path = "Icon@2x.png"; sourceTree = "<group>"; };
		3B3EE30E13F4C7220093C9F8 /* iTunesArtwork */ = {isa = PBXFileReference; lastKnownFileType = file; path = iTunesArtwork; sourceTree = "<group>"; };
		3B3EE31E13F4D1BB0093C9F8 /* bk.png */ = {isa = PBXFileReference; lastKnownFileType = image.png; path = bk.png; sourceTree = "<group>"; };
		3B3EE31F13F4D1BB0093C9F8 /* bk@2x.png */ = {isa = PBXFileReference; lastKnownFileType = image.png; path = "bk@2x.png"; sourceTree = "<group>"; };
		3B3EE32113F4D1BB0093C9F8 /* EmailDown.png */ = {isa = PBXFileReference; lastKnownFileType = image.png; path = EmailDown.png; sourceTree = "<group>"; };
		3B3EE32213F4D1BB0093C9F8 /* EmailDown@2x.png */ = {isa = PBXFileReference; lastKnownFileType = image.png; path = "EmailDown@2x.png"; sourceTree = "<group>"; };
		3B3EE32313F4D1BB0093C9F8 /* EmailDown~ipad.png */ = {isa = PBXFileReference; lastKnownFileType = image.png; path = "EmailDown~ipad.png"; sourceTree = "<group>"; };
		3B3EE32413F4D1BB0093C9F8 /* EmailUp.png */ = {isa = PBXFileReference; lastKnownFileType = image.png; path = EmailUp.png; sourceTree = "<group>"; };
		3B3EE32513F4D1BB0093C9F8 /* EmailUp@2x.png */ = {isa = PBXFileReference; lastKnownFileType = image.png; path = "EmailUp@2x.png"; sourceTree = "<group>"; };
		3B3EE32613F4D1BB0093C9F8 /* EmailUp~ipad.png */ = {isa = PBXFileReference; lastKnownFileType = image.png; path = "EmailUp~ipad.png"; sourceTree = "<group>"; };
		3B3EE32713F4D1BB0093C9F8 /* logo.png */ = {isa = PBXFileReference; lastKnownFileType = image.png; path = logo.png; sourceTree = "<group>"; };
		3B3EE32813F4D1BB0093C9F8 /* logo@2x.png */ = {isa = PBXFileReference; lastKnownFileType = image.png; path = "logo@2x.png"; sourceTree = "<group>"; };
		3B3EE32913F4D1BB0093C9F8 /* logo~ipad.png */ = {isa = PBXFileReference; lastKnownFileType = image.png; path = "logo~ipad.png"; sourceTree = "<group>"; };
		3B3EE32A13F4D1BB0093C9F8 /* logoFrame.png */ = {isa = PBXFileReference; lastKnownFileType = image.png; path = logoFrame.png; sourceTree = "<group>"; };
		3B3EE32B13F4D1BB0093C9F8 /* logoFrame@2x.png */ = {isa = PBXFileReference; lastKnownFileType = image.png; path = "logoFrame@2x.png"; sourceTree = "<group>"; };
		3B3EE32C13F4D1BB0093C9F8 /* logoframe~ipad.png */ = {isa = PBXFileReference; lastKnownFileType = image.png; path = "logoframe~ipad.png"; sourceTree = "<group>"; };
		3B3EE32D13F4D1BB0093C9F8 /* mask.png */ = {isa = PBXFileReference; lastKnownFileType = image.png; path = mask.png; sourceTree = "<group>"; };
		3B3EE32E13F4D1BB0093C9F8 /* mask@2x.png */ = {isa = PBXFileReference; lastKnownFileType = image.png; path = "mask@2x.png"; sourceTree = "<group>"; };
		3B3EE32F13F4D1BB0093C9F8 /* mask~ipad.png */ = {isa = PBXFileReference; lastKnownFileType = image.png; path = "mask~ipad.png"; sourceTree = "<group>"; };
		3B3EE33213F4D1BB0093C9F8 /* pause.png */ = {isa = PBXFileReference; lastKnownFileType = image.png; path = pause.png; sourceTree = "<group>"; };
		3B3EE33313F4D1BB0093C9F8 /* pause@2x.png */ = {isa = PBXFileReference; lastKnownFileType = image.png; path = "pause@2x.png"; sourceTree = "<group>"; };
		3B3EE33413F4D1BB0093C9F8 /* pause~ipad.png */ = {isa = PBXFileReference; lastKnownFileType = image.png; path = "pause~ipad.png"; sourceTree = "<group>"; };
		3B3EE33513F4D1BB0093C9F8 /* play.png */ = {isa = PBXFileReference; lastKnownFileType = image.png; path = play.png; sourceTree = "<group>"; };
		3B3EE33613F4D1BB0093C9F8 /* play@2x.png */ = {isa = PBXFileReference; lastKnownFileType = image.png; path = "play@2x.png"; sourceTree = "<group>"; };
		3B3EE33713F4D1BB0093C9F8 /* play~ipad.png */ = {isa = PBXFileReference; lastKnownFileType = image.png; path = "play~ipad.png"; sourceTree = "<group>"; };
		3B3EE33813F4D1BB0093C9F8 /* ScheduleDown.png */ = {isa = PBXFileReference; lastKnownFileType = image.png; path = ScheduleDown.png; sourceTree = "<group>"; };
		3B3EE33913F4D1BB0093C9F8 /* ScheduleDown@2x.png */ = {isa = PBXFileReference; lastKnownFileType = image.png; path = "ScheduleDown@2x.png"; sourceTree = "<group>"; };
		3B3EE33A13F4D1BB0093C9F8 /* ScheduleDown~ipad.png */ = {isa = PBXFileReference; lastKnownFileType = image.png; path = "ScheduleDown~ipad.png"; sourceTree = "<group>"; };
		3B3EE33B13F4D1BB0093C9F8 /* ScheduleUp.png */ = {isa = PBXFileReference; lastKnownFileType = image.png; path = ScheduleUp.png; sourceTree = "<group>"; };
		3B3EE33C13F4D1BB0093C9F8 /* ScheduleUp@2x.png */ = {isa = PBXFileReference; lastKnownFileType = image.png; path = "ScheduleUp@2x.png"; sourceTree = "<group>"; };
		3B3EE33D13F4D1BB0093C9F8 /* ScheduleUp~ipad.png */ = {isa = PBXFileReference; lastKnownFileType = image.png; path = "ScheduleUp~ipad.png"; sourceTree = "<group>"; };
		3B3EE33E13F4D1BB0093C9F8 /* Slab.png */ = {isa = PBXFileReference; lastKnownFileType = image.png; path = Slab.png; sourceTree = "<group>"; };
		3B3EE33F13F4D1BB0093C9F8 /* Slab@2x.png */ = {isa = PBXFileReference; lastKnownFileType = image.png; path = "Slab@2x.png"; sourceTree = "<group>"; };
		3B3EE34013F4D1BB0093C9F8 /* Slab~ipad.png */ = {isa = PBXFileReference; lastKnownFileType = image.png; path = "Slab~ipad.png"; sourceTree = "<group>"; };
		3B3EE34113F4D1BB0093C9F8 /* textSlab.png */ = {isa = PBXFileReference; lastKnownFileType = image.png; path = textSlab.png; sourceTree = "<group>"; };
		3B3EE34213F4D1BB0093C9F8 /* textSlab@2x.png */ = {isa = PBXFileReference; lastKnownFileType = image.png; path = "textSlab@2x.png"; sourceTree = "<group>"; };
		3B3EE34313F4D1BB0093C9F8 /* textSlab~ipad.png */ = {isa = PBXFileReference; lastKnownFileType = image.png; path = "textSlab~ipad.png"; sourceTree = "<group>"; };
		3B3EE36D13F4E9440093C9F8 /* loading.png */ = {isa = PBXFileReference; lastKnownFileType = image.png; path = loading.png; sourceTree = "<group>"; };
		3B3EE37E13F4F47F0093C9F8 /* Default-Portrait~ipad.png */ = {isa = PBXFileReference; lastKnownFileType = image.png; path = "Default-Portrait~ipad.png"; sourceTree = "<group>"; };
		3B3EE37F13F4F47F0093C9F8 /* Default.png */ = {isa = PBXFileReference; lastKnownFileType = image.png; path = Default.png; sourceTree = "<group>"; };
		3B3EE38013F4F47F0093C9F8 /* Default@2x.png */ = {isa = PBXFileReference; lastKnownFileType = image.png; path = "Default@2x.png"; sourceTree = "<group>"; };
		3B44181B13FDB7FC007BDA3B /* en */ = {isa = PBXFileReference; lastKnownFileType = file.xib; name = en; path = "MIX/en.lproj/MainView~iPad.xib"; sourceTree = SOURCE_ROOT; };
		3B44181D13FDB80A007BDA3B /* MainViewController_iPad.h */ = {isa = PBXFileReference; fileEncoding = 4; lastKnownFileType = sourcecode.c.h; name = MainViewController_iPad.h; path = MIX/MainViewController_iPad.h; sourceTree = SOURCE_ROOT; };
		3B44181E13FDB80A007BDA3B /* MainViewController_iPad.mm */ = {isa = PBXFileReference; fileEncoding = 4; lastKnownFileType = sourcecode.cpp.objcpp; name = MainViewController_iPad.mm; path = MIX/MainViewController_iPad.mm; sourceTree = SOURCE_ROOT; };
		3B4875D513F0E038001E87A4 /* AudioStreamer.h */ = {isa = PBXFileReference; fileEncoding = 4; lastKnownFileType = sourcecode.c.h; path = AudioStreamer.h; sourceTree = "<group>"; };
		3B4875D613F0E038001E87A4 /* AudioStreamer.m */ = {isa = PBXFileReference; fileEncoding = 4; lastKnownFileType = sourcecode.c.objc; path = AudioStreamer.m; sourceTree = "<group>"; };
		3B4875D813F0E038001E87A4 /* AQLevelMeter.h */ = {isa = PBXFileReference; fileEncoding = 4; lastKnownFileType = sourcecode.c.h; path = AQLevelMeter.h; sourceTree = "<group>"; };
		3B4875D913F0E038001E87A4 /* AQLevelMeter.mm */ = {isa = PBXFileReference; fileEncoding = 4; lastKnownFileType = sourcecode.cpp.objcpp; path = AQLevelMeter.mm; sourceTree = "<group>"; };
		3B4875DA13F0E038001E87A4 /* GLLevelMeter.h */ = {isa = PBXFileReference; fileEncoding = 4; lastKnownFileType = sourcecode.c.h; path = GLLevelMeter.h; sourceTree = "<group>"; };
		3B4875DB13F0E038001E87A4 /* GLLevelMeter.m */ = {isa = PBXFileReference; fileEncoding = 4; lastKnownFileType = sourcecode.c.objc; path = GLLevelMeter.m; sourceTree = "<group>"; };
		3B4875DC13F0E038001E87A4 /* LevelMeter.h */ = {isa = PBXFileReference; fileEncoding = 4; lastKnownFileType = sourcecode.c.h; path = LevelMeter.h; sourceTree = "<group>"; };
		3B4875DD13F0E038001E87A4 /* LevelMeter.m */ = {isa = PBXFileReference; fileEncoding = 4; lastKnownFileType = sourcecode.c.objc; path = LevelMeter.m; sourceTree = "<group>"; };
		3B4875DE13F0E038001E87A4 /* LevelView.h */ = {isa = PBXFileReference; fileEncoding = 4; lastKnownFileType = sourcecode.c.h; path = LevelView.h; sourceTree = "<group>"; };
		3B4875DF13F0E038001E87A4 /* LevelView.mm */ = {isa = PBXFileReference; fileEncoding = 4; lastKnownFileType = sourcecode.cpp.objcpp; path = LevelView.mm; sourceTree = "<group>"; };
		3B4875E013F0E038001E87A4 /* MeterTable.cpp */ = {isa = PBXFileReference; fileEncoding = 4; lastKnownFileType = sourcecode.cpp.cpp; path = MeterTable.cpp; sourceTree = "<group>"; };
		3B4875E113F0E038001E87A4 /* MeterTable.h */ = {isa = PBXFileReference; fileEncoding = 4; lastKnownFileType = sourcecode.c.h; path = MeterTable.h; sourceTree = "<group>"; };
		3B4875E313F0E038001E87A4 /* CADebugMacros.h */ = {isa = PBXFileReference; fileEncoding = 4; lastKnownFileType = sourcecode.c.h; path = CADebugMacros.h; sourceTree = "<group>"; };
		3B4875E413F0E038001E87A4 /* CADebugMacros.mm */ = {isa = PBXFileReference; fileEncoding = 4; lastKnownFileType = sourcecode.cpp.objcpp; path = CADebugMacros.mm; sourceTree = "<group>"; };
		3B4875E513F0E038001E87A4 /* CADebugPrintf.cpp */ = {isa = PBXFileReference; fileEncoding = 4; lastKnownFileType = sourcecode.cpp.cpp; path = CADebugPrintf.cpp; sourceTree = "<group>"; };
		3B4875E613F0E038001E87A4 /* CADebugPrintf.h */ = {isa = PBXFileReference; fileEncoding = 4; lastKnownFileType = sourcecode.c.h; path = CADebugPrintf.h; sourceTree = "<group>"; };
		3B4875E713F0E038001E87A4 /* CAMath.h */ = {isa = PBXFileReference; fileEncoding = 4; lastKnownFileType = sourcecode.c.h; path = CAMath.h; sourceTree = "<group>"; };
		3B4875E813F0E038001E87A4 /* CAStreamBasicDescription.h */ = {isa = PBXFileReference; fileEncoding = 4; lastKnownFileType = sourcecode.c.h; path = CAStreamBasicDescription.h; sourceTree = "<group>"; };
		3B4875E913F0E038001E87A4 /* CAStreamBasicDescription.mm */ = {isa = PBXFileReference; fileEncoding = 4; lastKnownFileType = sourcecode.cpp.objcpp; path = CAStreamBasicDescription.mm; sourceTree = "<group>"; };
		3B4875EA13F0E038001E87A4 /* CAXException.h */ = {isa = PBXFileReference; fileEncoding = 4; lastKnownFileType = sourcecode.c.h; path = CAXException.h; sourceTree = "<group>"; };
		3B4875EB13F0E038001E87A4 /* CAXException.mm */ = {isa = PBXFileReference; fileEncoding = 4; lastKnownFileType = sourcecode.cpp.objcpp; path = CAXException.mm; sourceTree = "<group>"; };
		3B48762F13F0E05C001E87A4 /* NSObject+SBJson.h */ = {isa = PBXFileReference; fileEncoding = 4; lastKnownFileType = sourcecode.c.h; path = "NSObject+SBJson.h"; sourceTree = "<group>"; };
		3B48763013F0E05C001E87A4 /* NSObject+SBJson.m */ = {isa = PBXFileReference; fileEncoding = 4; lastKnownFileType = sourcecode.c.objc; path = "NSObject+SBJson.m"; sourceTree = "<group>"; };
		3B48763113F0E05C001E87A4 /* SBJson.h */ = {isa = PBXFileReference; fileEncoding = 4; lastKnownFileType = sourcecode.c.h; path = SBJson.h; sourceTree = "<group>"; };
		3B48763213F0E05C001E87A4 /* SBJsonParser.h */ = {isa = PBXFileReference; fileEncoding = 4; lastKnownFileType = sourcecode.c.h; path = SBJsonParser.h; sourceTree = "<group>"; };
		3B48763313F0E05C001E87A4 /* SBJsonParser.m */ = {isa = PBXFileReference; fileEncoding = 4; lastKnownFileType = sourcecode.c.objc; path = SBJsonParser.m; sourceTree = "<group>"; };
		3B48763413F0E05C001E87A4 /* SBJsonStreamParser.h */ = {isa = PBXFileReference; fileEncoding = 4; lastKnownFileType = sourcecode.c.h; path = SBJsonStreamParser.h; sourceTree = "<group>"; };
		3B48763513F0E05C001E87A4 /* SBJsonStreamParser.m */ = {isa = PBXFileReference; fileEncoding = 4; lastKnownFileType = sourcecode.c.objc; path = SBJsonStreamParser.m; sourceTree = "<group>"; };
		3B48763613F0E05C001E87A4 /* SBJsonStreamParserAccumulator.h */ = {isa = PBXFileReference; fileEncoding = 4; lastKnownFileType = sourcecode.c.h; path = SBJsonStreamParserAccumulator.h; sourceTree = "<group>"; };
		3B48763713F0E05C001E87A4 /* SBJsonStreamParserAccumulator.m */ = {isa = PBXFileReference; fileEncoding = 4; lastKnownFileType = sourcecode.c.objc; path = SBJsonStreamParserAccumulator.m; sourceTree = "<group>"; };
		3B48763813F0E05C001E87A4 /* SBJsonStreamParserState.h */ = {isa = PBXFileReference; fileEncoding = 4; lastKnownFileType = sourcecode.c.h; path = SBJsonStreamParserState.h; sourceTree = "<group>"; };
		3B48763913F0E05C001E87A4 /* SBJsonStreamParserState.m */ = {isa = PBXFileReference; fileEncoding = 4; lastKnownFileType = sourcecode.c.objc; path = SBJsonStreamParserState.m; sourceTree = "<group>"; };
		3B48763A13F0E05C001E87A4 /* SBJsonStreamWriter.h */ = {isa = PBXFileReference; fileEncoding = 4; lastKnownFileType = sourcecode.c.h; path = SBJsonStreamWriter.h; sourceTree = "<group>"; };
		3B48763B13F0E05C001E87A4 /* SBJsonStreamWriter.m */ = {isa = PBXFileReference; fileEncoding = 4; lastKnownFileType = sourcecode.c.objc; path = SBJsonStreamWriter.m; sourceTree = "<group>"; };
		3B48763C13F0E05C001E87A4 /* SBJsonStreamWriterAccumulator.h */ = {isa = PBXFileReference; fileEncoding = 4; lastKnownFileType = sourcecode.c.h; path = SBJsonStreamWriterAccumulator.h; sourceTree = "<group>"; };
		3B48763D13F0E05C001E87A4 /* SBJsonStreamWriterAccumulator.m */ = {isa = PBXFileReference; fileEncoding = 4; lastKnownFileType = sourcecode.c.objc; path = SBJsonStreamWriterAccumulator.m; sourceTree = "<group>"; };
		3B48763E13F0E05C001E87A4 /* SBJsonStreamWriterState.h */ = {isa = PBXFileReference; fileEncoding = 4; lastKnownFileType = sourcecode.c.h; path = SBJsonStreamWriterState.h; sourceTree = "<group>"; };
		3B48763F13F0E05C001E87A4 /* SBJsonStreamWriterState.m */ = {isa = PBXFileReference; fileEncoding = 4; lastKnownFileType = sourcecode.c.objc; path = SBJsonStreamWriterState.m; sourceTree = "<group>"; };
		3B48764013F0E05C001E87A4 /* SBJsonTokeniser.h */ = {isa = PBXFileReference; fileEncoding = 4; lastKnownFileType = sourcecode.c.h; path = SBJsonTokeniser.h; sourceTree = "<group>"; };
		3B48764113F0E05C001E87A4 /* SBJsonTokeniser.m */ = {isa = PBXFileReference; fileEncoding = 4; lastKnownFileType = sourcecode.c.objc; path = SBJsonTokeniser.m; sourceTree = "<group>"; };
		3B48764213F0E05C001E87A4 /* SBJsonUTF8Stream.h */ = {isa = PBXFileReference; fileEncoding = 4; lastKnownFileType = sourcecode.c.h; path = SBJsonUTF8Stream.h; sourceTree = "<group>"; };
		3B48764313F0E05C001E87A4 /* SBJsonUTF8Stream.m */ = {isa = PBXFileReference; fileEncoding = 4; lastKnownFileType = sourcecode.c.objc; path = SBJsonUTF8Stream.m; sourceTree = "<group>"; };
		3B48764413F0E05C001E87A4 /* SBJsonWriter.h */ = {isa = PBXFileReference; fileEncoding = 4; lastKnownFileType = sourcecode.c.h; path = SBJsonWriter.h; sourceTree = "<group>"; };
		3B48764513F0E05C001E87A4 /* SBJsonWriter.m */ = {isa = PBXFileReference; fileEncoding = 4; lastKnownFileType = sourcecode.c.objc; path = SBJsonWriter.m; sourceTree = "<group>"; };
		3B48765113F0E0BB001E87A4 /* TwitterFeed.h */ = {isa = PBXFileReference; fileEncoding = 4; lastKnownFileType = sourcecode.c.h; path = TwitterFeed.h; sourceTree = "<group>"; };
		3B48765213F0E0BB001E87A4 /* TwitterFeed.m */ = {isa = PBXFileReference; fileEncoding = 4; lastKnownFileType = sourcecode.c.objc; path = TwitterFeed.m; sourceTree = "<group>"; };
		3B5CC3A013F36AFD0050431B /* RadioConfig.plist */ = {isa = PBXFileReference; fileEncoding = 4; lastKnownFileType = text.plist.xml; path = RadioConfig.plist; sourceTree = "<group>"; };
		3B60B21713F7692700C6D10A /* loading@2x.png */ = {isa = PBXFileReference; lastKnownFileType = image.png; path = "loading@2x.png"; sourceTree = "<group>"; };
		3B60B21813F7692700C6D10A /* loading~ipad.png */ = {isa = PBXFileReference; lastKnownFileType = image.png; path = "loading~ipad.png"; sourceTree = "<group>"; };
		3B6DD52D13DC77A000400D86 /* en */ = {isa = PBXFileReference; lastKnownFileType = text.plist.strings; name = en; path = en.lproj/Errors.strings; sourceTree = "<group>"; };
		3B6DD54513DCC3FE00400D86 /* MessageUI.framework */ = {isa = PBXFileReference; lastKnownFileType = wrapper.framework; name = MessageUI.framework; path = System/Library/Frameworks/MessageUI.framework; sourceTree = SDKROOT; };
		3B86F78713DBB83200B9C7A2 /* mixradio.app */ = {isa = PBXFileReference; explicitFileType = wrapper.application; includeInIndex = 0; path = mixradio.app; sourceTree = BUILT_PRODUCTS_DIR; };
		3B86F78B13DBB83200B9C7A2 /* UIKit.framework */ = {isa = PBXFileReference; lastKnownFileType = wrapper.framework; name = UIKit.framework; path = System/Library/Frameworks/UIKit.framework; sourceTree = SDKROOT; };
		3B86F78D13DBB83200B9C7A2 /* Foundation.framework */ = {isa = PBXFileReference; lastKnownFileType = wrapper.framework; name = Foundation.framework; path = System/Library/Frameworks/Foundation.framework; sourceTree = SDKROOT; };
		3B86F78F13DBB83200B9C7A2 /* CoreGraphics.framework */ = {isa = PBXFileReference; lastKnownFileType = wrapper.framework; name = CoreGraphics.framework; path = System/Library/Frameworks/CoreGraphics.framework; sourceTree = SDKROOT; };
		3B86F79313DBB83200B9C7A2 /* MIX-Info.plist */ = {isa = PBXFileReference; lastKnownFileType = text.plist; path = "MIX-Info.plist"; sourceTree = "<group>"; };
		3B86F79513DBB83200B9C7A2 /* en */ = {isa = PBXFileReference; lastKnownFileType = text.plist.strings; name = en; path = en.lproj/InfoPlist.strings; sourceTree = "<group>"; };
		3B86F79713DBB83200B9C7A2 /* MIX-Prefix.pch */ = {isa = PBXFileReference; lastKnownFileType = sourcecode.c.h; path = "MIX-Prefix.pch"; sourceTree = "<group>"; };
		3B86F79813DBB83200B9C7A2 /* main.m */ = {isa = PBXFileReference; lastKnownFileType = sourcecode.c.objc; path = main.m; sourceTree = "<group>"; };
		3B86F79A13DBB83200B9C7A2 /* MIX94AppDelegate.h */ = {isa = PBXFileReference; lastKnownFileType = sourcecode.c.h; path = MIX94AppDelegate.h; sourceTree = "<group>"; };
		3B86F79B13DBB83200B9C7A2 /* MIX94AppDelegate.mm */ = {isa = PBXFileReference; lastKnownFileType = sourcecode.cpp.objcpp; path = MIX94AppDelegate.mm; sourceTree = "<group>"; };
		3B86F79E13DBB83200B9C7A2 /* en */ = {isa = PBXFileReference; lastKnownFileType = file.xib; name = en; path = en.lproj/MainWindow.xib; sourceTree = "<group>"; };
		3B86F7A013DBB83200B9C7A2 /* MainViewController.h */ = {isa = PBXFileReference; lastKnownFileType = sourcecode.c.h; path = MainViewController.h; sourceTree = "<group>"; };
		3B86F7A113DBB83200B9C7A2 /* MainViewController.mm */ = {isa = PBXFileReference; lastKnownFileType = sourcecode.cpp.objcpp; path = MainViewController.mm; sourceTree = "<group>"; };
		3B86F7A313DBB83200B9C7A2 /* MainView.xib */ = {isa = PBXFileReference; lastKnownFileType = file.xib; name = MainView.xib; path = en.lproj/MainView.xib; sourceTree = "<group>"; };
		3B86F7A513DBB83200B9C7A2 /* FlipsideViewController.h */ = {isa = PBXFileReference; lastKnownFileType = sourcecode.c.h; path = FlipsideViewController.h; sourceTree = "<group>"; };
		3B86F7A613DBB83200B9C7A2 /* FlipsideViewController.m */ = {isa = PBXFileReference; lastKnownFileType = sourcecode.c.objc; path = FlipsideViewController.m; sourceTree = "<group>"; };
		3B86F7E013DBC6D400B9C7A2 /* CoreAudio.framework */ = {isa = PBXFileReference; lastKnownFileType = wrapper.framework; name = CoreAudio.framework; path = System/Library/Frameworks/CoreAudio.framework; sourceTree = SDKROOT; };
		3B86F7E213DBC6DA00B9C7A2 /* OpenGLES.framework */ = {isa = PBXFileReference; lastKnownFileType = wrapper.framework; name = OpenGLES.framework; path = System/Library/Frameworks/OpenGLES.framework; sourceTree = SDKROOT; };
		3B86F7E713DBC7D000B9C7A2 /* CFNetwork.framework */ = {isa = PBXFileReference; lastKnownFileType = wrapper.framework; name = CFNetwork.framework; path = System/Library/Frameworks/CFNetwork.framework; sourceTree = SDKROOT; };
		3B86F7F513DBC85C00B9C7A2 /* AudioToolbox.framework */ = {isa = PBXFileReference; lastKnownFileType = wrapper.framework; name = AudioToolbox.framework; path = System/Library/Frameworks/AudioToolbox.framework; sourceTree = SDKROOT; };
		3B86F7F713DBC86F00B9C7A2 /* MediaPlayer.framework */ = {isa = PBXFileReference; lastKnownFileType = wrapper.framework; name = MediaPlayer.framework; path = System/Library/Frameworks/MediaPlayer.framework; sourceTree = SDKROOT; };
		3B86F7F913DBC87C00B9C7A2 /* QuartzCore.framework */ = {isa = PBXFileReference; lastKnownFileType = wrapper.framework; name = QuartzCore.framework; path = System/Library/Frameworks/QuartzCore.framework; sourceTree = SDKROOT; };
		3B9EEC4E13F758210025BB8C /* Entitlements.plist */ = {isa = PBXFileReference; fileEncoding = 4; lastKnownFileType = text.plist.xml; path = Entitlements.plist; sourceTree = "<group>"; };
		3BBA992513FB7AE30025CC74 /* ContactDown.png */ = {isa = PBXFileReference; lastKnownFileType = image.png; path = ContactDown.png; sourceTree = "<group>"; };
		3BBA992613FB7AE30025CC74 /* ContactDown@2x.png */ = {isa = PBXFileReference; lastKnownFileType = image.png; path = "ContactDown@2x.png"; sourceTree = "<group>"; };
		3BBA992713FB7AE30025CC74 /* ContactDown~ipad.png */ = {isa = PBXFileReference; lastKnownFileType = image.png; path = "ContactDown~ipad.png"; sourceTree = "<group>"; };
		3BBA992813FB7AE30025CC74 /* ContactUp.png */ = {isa = PBXFileReference; lastKnownFileType = image.png; path = ContactUp.png; sourceTree = "<group>"; };
		3BBA992913FB7AE30025CC74 /* ContactUp@2x.png */ = {isa = PBXFileReference; lastKnownFileType = image.png; path = "ContactUp@2x.png"; sourceTree = "<group>"; };
		3BBA992A13FB7AE30025CC74 /* ContactUp~ipad.png */ = {isa = PBXFileReference; lastKnownFileType = image.png; path = "ContactUp~ipad.png"; sourceTree = "<group>"; };
		3BD1D97513FA0EEE007A43E6 /* bk-Landscape~ipad.png */ = {isa = PBXFileReference; lastKnownFileType = image.png; path = "bk-Landscape~ipad.png"; sourceTree = "<group>"; };
		3BD1D97913FA1006007A43E6 /* bk~ipad.png */ = {isa = PBXFileReference; lastKnownFileType = image.png; path = "bk~ipad.png"; sourceTree = "<group>"; };
		3BD1D97B13FA105E007A43E6 /* Slab-Landscape~ipad.png */ = {isa = PBXFileReference; lastKnownFileType = image.png; path = "Slab-Landscape~ipad.png"; sourceTree = "<group>"; };
		3BE98AAB13FDA3DB0079EAC0 /* en */ = {isa = PBXFileReference; lastKnownFileType = file.xib; name = en; path = "MainWindow-iPad.xib"; sourceTree = "<group>"; };
		3BFFB6AF13F63617007DB416 /* Default-Landscape~ipad.png */ = {isa = PBXFileReference; lastKnownFileType = image.png; path = "Default-Landscape~ipad.png"; sourceTree = "<group>"; };
		3BFFB6B113F637D2007DB416 /* txtMask-Landscape~ipad.png */ = {isa = PBXFileReference; lastKnownFileType = image.png; path = "txtMask-Landscape~ipad.png"; sourceTree = "<group>"; };
		3BFFB6B213F637D2007DB416 /* txtMask-Portrait~ipad.png */ = {isa = PBXFileReference; lastKnownFileType = image.png; path = "txtMask-Portrait~ipad.png"; sourceTree = "<group>"; };
		3BFFB6B313F637D2007DB416 /* txtMask.png */ = {isa = PBXFileReference; lastKnownFileType = image.png; path = txtMask.png; sourceTree = "<group>"; };
		3BFFB6B413F637D2007DB416 /* txtMask@2x.png */ = {isa = PBXFileReference; lastKnownFileType = image.png; path = "txtMask@2x.png"; sourceTree = "<group>"; };
/* End PBXFileReference section */

/* Begin PBXFrameworksBuildPhase section */
		3B86F78413DBB83200B9C7A2 /* Frameworks */ = {
			isa = PBXFrameworksBuildPhase;
			buildActionMask = 2147483647;
			files = (
				3B6DD54613DCC3FE00400D86 /* MessageUI.framework in Frameworks */,
				3B86F7FA13DBC87C00B9C7A2 /* QuartzCore.framework in Frameworks */,
				3B86F7F813DBC86F00B9C7A2 /* MediaPlayer.framework in Frameworks */,
				3B86F7F613DBC85C00B9C7A2 /* AudioToolbox.framework in Frameworks */,
				3B86F7E813DBC7D000B9C7A2 /* CFNetwork.framework in Frameworks */,
				3B86F7E313DBC6DA00B9C7A2 /* OpenGLES.framework in Frameworks */,
				3B86F7E113DBC6D400B9C7A2 /* CoreAudio.framework in Frameworks */,
				3B86F78C13DBB83200B9C7A2 /* UIKit.framework in Frameworks */,
				3B86F78E13DBB83200B9C7A2 /* Foundation.framework in Frameworks */,
				3B86F79013DBB83200B9C7A2 /* CoreGraphics.framework in Frameworks */,
			);
			runOnlyForDeploymentPostprocessing = 0;
		};
/* End PBXFrameworksBuildPhase section */

/* Begin PBXGroup section */
		3B3EE36A13F4D9860093C9F8 /* iPhone */ = {
			isa = PBXGroup;
			children = (
				3B86F79D13DBB83200B9C7A2 /* MainWindow.xib */,
				3B86F7A313DBB83200B9C7A2 /* MainView.xib */,
			);
			name = iPhone;
			sourceTree = "<group>";
		};
		3B48756F13F0E037001E87A4 /* audiostreamingkit */ = {
			isa = PBXGroup;
			children = (
				3B4875D413F0E038001E87A4 /* AudioStreamer */,
				3B4875D713F0E038001E87A4 /* AudioViews */,
				3B4875E213F0E038001E87A4 /* iPublicUtility */,
			);
			path = audiostreamingkit;
			sourceTree = "<group>";
		};
		3B4875D413F0E038001E87A4 /* AudioStreamer */ = {
			isa = PBXGroup;
			children = (
				3B4875D513F0E038001E87A4 /* AudioStreamer.h */,
				3B4875D613F0E038001E87A4 /* AudioStreamer.m */,
			);
			path = AudioStreamer;
			sourceTree = "<group>";
		};
		3B4875D713F0E038001E87A4 /* AudioViews */ = {
			isa = PBXGroup;
			children = (
				3B4875D813F0E038001E87A4 /* AQLevelMeter.h */,
				3B4875D913F0E038001E87A4 /* AQLevelMeter.mm */,
				3B4875DA13F0E038001E87A4 /* GLLevelMeter.h */,
				3B4875DB13F0E038001E87A4 /* GLLevelMeter.m */,
				3B4875DC13F0E038001E87A4 /* LevelMeter.h */,
				3B4875DD13F0E038001E87A4 /* LevelMeter.m */,
				3B4875DE13F0E038001E87A4 /* LevelView.h */,
				3B4875DF13F0E038001E87A4 /* LevelView.mm */,
				3B4875E013F0E038001E87A4 /* MeterTable.cpp */,
				3B4875E113F0E038001E87A4 /* MeterTable.h */,
			);
			path = AudioViews;
			sourceTree = "<group>";
		};
		3B4875E213F0E038001E87A4 /* iPublicUtility */ = {
			isa = PBXGroup;
			children = (
				3B4875E313F0E038001E87A4 /* CADebugMacros.h */,
				3B4875E413F0E038001E87A4 /* CADebugMacros.mm */,
				3B4875E513F0E038001E87A4 /* CADebugPrintf.cpp */,
				3B4875E613F0E038001E87A4 /* CADebugPrintf.h */,
				3B4875E713F0E038001E87A4 /* CAMath.h */,
				3B4875E813F0E038001E87A4 /* CAStreamBasicDescription.h */,
				3B4875E913F0E038001E87A4 /* CAStreamBasicDescription.mm */,
				3B4875EA13F0E038001E87A4 /* CAXException.h */,
				3B4875EB13F0E038001E87A4 /* CAXException.mm */,
			);
			path = iPublicUtility;
			sourceTree = "<group>";
		};
		3B48762E13F0E05C001E87A4 /* sbjson */ = {
			isa = PBXGroup;
			children = (
				3B48762F13F0E05C001E87A4 /* NSObject+SBJson.h */,
				3B48763013F0E05C001E87A4 /* NSObject+SBJson.m */,
				3B48763113F0E05C001E87A4 /* SBJson.h */,
				3B48763213F0E05C001E87A4 /* SBJsonParser.h */,
				3B48763313F0E05C001E87A4 /* SBJsonParser.m */,
				3B48763413F0E05C001E87A4 /* SBJsonStreamParser.h */,
				3B48763513F0E05C001E87A4 /* SBJsonStreamParser.m */,
				3B48763613F0E05C001E87A4 /* SBJsonStreamParserAccumulator.h */,
				3B48763713F0E05C001E87A4 /* SBJsonStreamParserAccumulator.m */,
				3B48763813F0E05C001E87A4 /* SBJsonStreamParserState.h */,
				3B48763913F0E05C001E87A4 /* SBJsonStreamParserState.m */,
				3B48763A13F0E05C001E87A4 /* SBJsonStreamWriter.h */,
				3B48763B13F0E05C001E87A4 /* SBJsonStreamWriter.m */,
				3B48763C13F0E05C001E87A4 /* SBJsonStreamWriterAccumulator.h */,
				3B48763D13F0E05C001E87A4 /* SBJsonStreamWriterAccumulator.m */,
				3B48763E13F0E05C001E87A4 /* SBJsonStreamWriterState.h */,
				3B48763F13F0E05C001E87A4 /* SBJsonStreamWriterState.m */,
				3B48764013F0E05C001E87A4 /* SBJsonTokeniser.h */,
				3B48764113F0E05C001E87A4 /* SBJsonTokeniser.m */,
				3B48764213F0E05C001E87A4 /* SBJsonUTF8Stream.h */,
				3B48764313F0E05C001E87A4 /* SBJsonUTF8Stream.m */,
				3B48764413F0E05C001E87A4 /* SBJsonWriter.h */,
				3B48764513F0E05C001E87A4 /* SBJsonWriter.m */,
			);
			name = sbjson;
			path = "json-framework/Classes";
			sourceTree = "<group>";
		};
		3B48765413F0E84B001E87A4 /* Twitter */ = {
			isa = PBXGroup;
			children = (
				3B48765113F0E0BB001E87A4 /* TwitterFeed.h */,
				3B48765213F0E0BB001E87A4 /* TwitterFeed.m */,
			);
			name = Twitter;
			sourceTree = "<group>";
		};
		3B86F77C13DBB83100B9C7A2 = {
			isa = PBXGroup;
			children = (
				3B9EEC4E13F758210025BB8C /* Entitlements.plist */,
				3B3EE37E13F4F47F0093C9F8 /* Default-Portrait~ipad.png */,
				3BFFB6AF13F63617007DB416 /* Default-Landscape~ipad.png */,
				3B3EE37F13F4F47F0093C9F8 /* Default.png */,
				3B3EE38013F4F47F0093C9F8 /* Default@2x.png */,
				3B3EE30813F4C7220093C9F8 /* Icon-72.png */,
				3B3EE30913F4C7220093C9F8 /* Icon-Small-50.png */,
				3B3EE30A13F4C7220093C9F8 /* Icon-Small.png */,
				3B3EE30B13F4C7220093C9F8 /* Icon-Small@2x.png */,
				3B3EE30C13F4C7220093C9F8 /* Icon.png */,
				3B3EE30D13F4C7220093C9F8 /* Icon@2x.png */,
				3B3EE30E13F4C7220093C9F8 /* iTunesArtwork */,
				3B86F79113DBB83200B9C7A2 /* MIX */,
				3B86F78A13DBB83200B9C7A2 /* Frameworks */,
				3B86F78813DBB83200B9C7A2 /* Products */,
			);
			sourceTree = "<group>";
		};
		3B86F78813DBB83200B9C7A2 /* Products */ = {
			isa = PBXGroup;
			children = (
				3B86F78713DBB83200B9C7A2 /* mixradio.app */,
			);
			name = Products;
			sourceTree = "<group>";
		};
		3B86F78A13DBB83200B9C7A2 /* Frameworks */ = {
			isa = PBXGroup;
			children = (
				3B48762E13F0E05C001E87A4 /* sbjson */,
				3B48756F13F0E037001E87A4 /* audiostreamingkit */,
				3B6DD54513DCC3FE00400D86 /* MessageUI.framework */,
				3B86F7F913DBC87C00B9C7A2 /* QuartzCore.framework */,
				3B86F7F713DBC86F00B9C7A2 /* MediaPlayer.framework */,
				3B86F7F513DBC85C00B9C7A2 /* AudioToolbox.framework */,
				3B86F7E713DBC7D000B9C7A2 /* CFNetwork.framework */,
				3B86F7E213DBC6DA00B9C7A2 /* OpenGLES.framework */,
				3B86F7E013DBC6D400B9C7A2 /* CoreAudio.framework */,
				3B86F78B13DBB83200B9C7A2 /* UIKit.framework */,
				3B86F78D13DBB83200B9C7A2 /* Foundation.framework */,
				3B86F78F13DBB83200B9C7A2 /* CoreGraphics.framework */,
			);
			name = Frameworks;
			sourceTree = "<group>";
		};
		3B86F79113DBB83200B9C7A2 /* MIX */ = {
			isa = PBXGroup;
			children = (
				3B86F79A13DBB83200B9C7A2 /* MIX94AppDelegate.h */,
				3B86F79B13DBB83200B9C7A2 /* MIX94AppDelegate.mm */,
				3B86F7A013DBB83200B9C7A2 /* MainViewController.h */,
				3B86F7A113DBB83200B9C7A2 /* MainViewController.mm */,
				3B86F7A513DBB83200B9C7A2 /* FlipsideViewController.h */,
				3B86F7A613DBB83200B9C7A2 /* FlipsideViewController.m */,
				3B3EE36A13F4D9860093C9F8 /* iPhone */,
				3BF730AE13F2433900761C24 /* iPad */,
				3B86F7BF13DBBBA500B9C7A2 /* Images */,
				3B86F79213DBB83200B9C7A2 /* Supporting Files */,
				3B48765413F0E84B001E87A4 /* Twitter */,
			);
			path = MIX;
			sourceTree = "<group>";
		};
		3B86F79213DBB83200B9C7A2 /* Supporting Files */ = {
			isa = PBXGroup;
			children = (
				3B86F79313DBB83200B9C7A2 /* MIX-Info.plist */,
				3B86F79413DBB83200B9C7A2 /* InfoPlist.strings */,
				3B86F79713DBB83200B9C7A2 /* MIX-Prefix.pch */,
				3B86F79813DBB83200B9C7A2 /* main.m */,
				3B6DD52C13DC77A000400D86 /* Errors.strings */,
				3B5CC3A013F36AFD0050431B /* RadioConfig.plist */,
			);
			name = "Supporting Files";
			sourceTree = "<group>";
		};
		3B86F7BF13DBBBA500B9C7A2 /* Images */ = {
			isa = PBXGroup;
			children = (
				3B3EE31E13F4D1BB0093C9F8 /* bk.png */,
				3BD1D97513FA0EEE007A43E6 /* bk-Landscape~ipad.png */,
				3BD1D97913FA1006007A43E6 /* bk~ipad.png */,
				3B3EE31F13F4D1BB0093C9F8 /* bk@2x.png */,
				3BBA992513FB7AE30025CC74 /* ContactDown.png */,
				3BBA992613FB7AE30025CC74 /* ContactDown@2x.png */,
				3BBA992713FB7AE30025CC74 /* ContactDown~ipad.png */,
				3BBA992813FB7AE30025CC74 /* ContactUp.png */,
				3BBA992913FB7AE30025CC74 /* ContactUp@2x.png */,
				3BBA992A13FB7AE30025CC74 /* ContactUp~ipad.png */,
				3B3EE32113F4D1BB0093C9F8 /* EmailDown.png */,
				3B3EE32213F4D1BB0093C9F8 /* EmailDown@2x.png */,
				3B3EE32313F4D1BB0093C9F8 /* EmailDown~ipad.png */,
				3B3EE32413F4D1BB0093C9F8 /* EmailUp.png */,
				3B3EE32513F4D1BB0093C9F8 /* EmailUp@2x.png */,
				3B3EE32613F4D1BB0093C9F8 /* EmailUp~ipad.png */,
				3B3EE36D13F4E9440093C9F8 /* loading.png */,
				3B60B21713F7692700C6D10A /* loading@2x.png */,
				3B60B21813F7692700C6D10A /* loading~ipad.png */,
				3B3EE32713F4D1BB0093C9F8 /* logo.png */,
				3B3EE32813F4D1BB0093C9F8 /* logo@2x.png */,
				3B3EE32913F4D1BB0093C9F8 /* logo~ipad.png */,
				3B3EE32A13F4D1BB0093C9F8 /* logoFrame.png */,
				3B3EE32B13F4D1BB0093C9F8 /* logoFrame@2x.png */,
				3B3EE32C13F4D1BB0093C9F8 /* logoframe~ipad.png */,
				3B3EE32D13F4D1BB0093C9F8 /* mask.png */,
				3B3EE32E13F4D1BB0093C9F8 /* mask@2x.png */,
				3B3EE32F13F4D1BB0093C9F8 /* mask~ipad.png */,
				3B3EE33213F4D1BB0093C9F8 /* pause.png */,
				3B3EE33313F4D1BB0093C9F8 /* pause@2x.png */,
				3B3EE33413F4D1BB0093C9F8 /* pause~ipad.png */,
				3B3EE33513F4D1BB0093C9F8 /* play.png */,
				3B3EE33613F4D1BB0093C9F8 /* play@2x.png */,
				3B3EE33713F4D1BB0093C9F8 /* play~ipad.png */,
				3B3EE33813F4D1BB0093C9F8 /* ScheduleDown.png */,
				3B3EE33913F4D1BB0093C9F8 /* ScheduleDown@2x.png */,
				3B3EE33A13F4D1BB0093C9F8 /* ScheduleDown~ipad.png */,
				3B3EE33B13F4D1BB0093C9F8 /* ScheduleUp.png */,
				3B3EE33C13F4D1BB0093C9F8 /* ScheduleUp@2x.png */,
				3B3EE33D13F4D1BB0093C9F8 /* ScheduleUp~ipad.png */,
				3B3EE33E13F4D1BB0093C9F8 /* Slab.png */,
				3B3EE33F13F4D1BB0093C9F8 /* Slab@2x.png */,
				3B3EE34013F4D1BB0093C9F8 /* Slab~ipad.png */,
				3BD1D97B13FA105E007A43E6 /* Slab-Landscape~ipad.png */,
				3BFFB6B113F637D2007DB416 /* txtMask-Landscape~ipad.png */,
				3BFFB6B213F637D2007DB416 /* txtMask-Portrait~ipad.png */,
				3BFFB6B313F637D2007DB416 /* txtMask.png */,
				3BFFB6B413F637D2007DB416 /* txtMask@2x.png */,
				3B3EE34113F4D1BB0093C9F8 /* textSlab.png */,
				3B3EE34213F4D1BB0093C9F8 /* textSlab@2x.png */,
				3B3EE34313F4D1BB0093C9F8 /* textSlab~ipad.png */,
			);
			path = Images;
			sourceTree = "<group>";
		};
		3BF730AE13F2433900761C24 /* iPad */ = {
			isa = PBXGroup;
			children = (
				3B44181A13FDB7FC007BDA3B /* MainView~iPad.xib */,
				3BE98AAA13FDA3DB0079EAC0 /* MainWindow-iPad.xib */,
				3B44181D13FDB80A007BDA3B /* MainViewController_iPad.h */,
				3B44181E13FDB80A007BDA3B /* MainViewController_iPad.mm */,
			);
			name = iPad;
			path = iPad/en.lproj;
			sourceTree = "<group>";
		};
/* End PBXGroup section */

/* Begin PBXNativeTarget section */
		3B86F78613DBB83200B9C7A2 /* mixradio */ = {
			isa = PBXNativeTarget;
			buildConfigurationList = 3B86F7AC13DBB83200B9C7A2 /* Build configuration list for PBXNativeTarget "mixradio" */;
			buildPhases = (
				3B86F78313DBB83200B9C7A2 /* Sources */,
				3B86F78413DBB83200B9C7A2 /* Frameworks */,
				3B86F78513DBB83200B9C7A2 /* Resources */,
			);
			buildRules = (
			);
			dependencies = (
			);
			name = mixradio;
			productName = KXNT;
			productReference = 3B86F78713DBB83200B9C7A2 /* mixradio.app */;
			productType = "com.apple.product-type.application";
		};
/* End PBXNativeTarget section */

/* Begin PBXProject section */
		3B86F77E13DBB83100B9C7A2 /* Project object */ = {
			isa = PBXProject;
			attributes = {
				LastUpgradeCheck = 0420;
				ORGANIZATIONNAME = "Cibo Technology, LLC";
			};
			buildConfigurationList = 3B86F78113DBB83100B9C7A2 /* Build configuration list for PBXProject "MIX" */;
			compatibilityVersion = "Xcode 3.2";
			developmentRegion = English;
			hasScannedForEncodings = 0;
			knownRegions = (
				en,
			);
			mainGroup = 3B86F77C13DBB83100B9C7A2;
			productRefGroup = 3B86F78813DBB83200B9C7A2 /* Products */;
			projectDirPath = "";
			projectRoot = "";
			targets = (
				3B86F78613DBB83200B9C7A2 /* mixradio */,
			);
		};
/* End PBXProject section */

/* Begin PBXResourcesBuildPhase section */
		3B86F78513DBB83200B9C7A2 /* Resources */ = {
			isa = PBXResourcesBuildPhase;
			buildActionMask = 2147483647;
			files = (
				3B86F79613DBB83200B9C7A2 /* InfoPlist.strings in Resources */,
				3B86F79F13DBB83200B9C7A2 /* MainWindow.xib in Resources */,
				3B86F7A413DBB83200B9C7A2 /* MainView.xib in Resources */,
				3B6DD52E13DC77A000400D86 /* Errors.strings in Resources */,
				3BF730B113F2433D00761C24 /* MainWindow-iPad.xib in Resources */,
				3B5CC3A113F36AFD0050431B /* RadioConfig.plist in Resources */,
				3B3EE30F13F4C7220093C9F8 /* Icon-72.png in Resources */,
				3B3EE31013F4C7220093C9F8 /* Icon-Small-50.png in Resources */,
				3B3EE31113F4C7220093C9F8 /* Icon-Small.png in Resources */,
				3B3EE31213F4C7220093C9F8 /* Icon-Small@2x.png in Resources */,
				3B3EE31313F4C7220093C9F8 /* Icon.png in Resources */,
				3B3EE31413F4C7220093C9F8 /* Icon@2x.png in Resources */,
				3B3EE31513F4C7220093C9F8 /* iTunesArtwork in Resources */,
				3B3EE34413F4D1BB0093C9F8 /* bk.png in Resources */,
				3B3EE34513F4D1BB0093C9F8 /* bk@2x.png in Resources */,
				3B3EE34713F4D1BB0093C9F8 /* EmailDown.png in Resources */,
				3B3EE34813F4D1BB0093C9F8 /* EmailDown@2x.png in Resources */,
				3B3EE34913F4D1BB0093C9F8 /* EmailDown~ipad.png in Resources */,
				3B3EE34A13F4D1BB0093C9F8 /* EmailUp.png in Resources */,
				3B3EE34B13F4D1BB0093C9F8 /* EmailUp@2x.png in Resources */,
				3B3EE34C13F4D1BB0093C9F8 /* EmailUp~ipad.png in Resources */,
				3B3EE34D13F4D1BB0093C9F8 /* logo.png in Resources */,
				3B3EE34E13F4D1BB0093C9F8 /* logo@2x.png in Resources */,
				3B3EE34F13F4D1BB0093C9F8 /* logo~ipad.png in Resources */,
				3B3EE35013F4D1BB0093C9F8 /* logoFrame.png in Resources */,
				3B3EE35113F4D1BB0093C9F8 /* logoFrame@2x.png in Resources */,
				3B3EE35213F4D1BB0093C9F8 /* logoframe~ipad.png in Resources */,
				3B3EE35313F4D1BB0093C9F8 /* mask.png in Resources */,
				3B3EE35413F4D1BB0093C9F8 /* mask@2x.png in Resources */,
				3B3EE35513F4D1BB0093C9F8 /* mask~ipad.png in Resources */,
				3B3EE35813F4D1BB0093C9F8 /* pause.png in Resources */,
				3B3EE35913F4D1BB0093C9F8 /* pause@2x.png in Resources */,
				3B3EE35A13F4D1BB0093C9F8 /* pause~ipad.png in Resources */,
				3B3EE35B13F4D1BB0093C9F8 /* play.png in Resources */,
				3B3EE35C13F4D1BB0093C9F8 /* play@2x.png in Resources */,
				3B3EE35D13F4D1BB0093C9F8 /* play~ipad.png in Resources */,
				3B3EE35E13F4D1BB0093C9F8 /* ScheduleDown.png in Resources */,
				3B3EE35F13F4D1BB0093C9F8 /* ScheduleDown@2x.png in Resources */,
				3B3EE36013F4D1BB0093C9F8 /* ScheduleDown~ipad.png in Resources */,
				3B3EE36113F4D1BB0093C9F8 /* ScheduleUp.png in Resources */,
				3B3EE36213F4D1BB0093C9F8 /* ScheduleUp@2x.png in Resources */,
				3B3EE36313F4D1BB0093C9F8 /* ScheduleUp~ipad.png in Resources */,
				3B3EE36413F4D1BB0093C9F8 /* Slab.png in Resources */,
				3B3EE36513F4D1BB0093C9F8 /* Slab@2x.png in Resources */,
				3B3EE36613F4D1BB0093C9F8 /* Slab~ipad.png in Resources */,
				3B3EE36713F4D1BB0093C9F8 /* textSlab.png in Resources */,
				3B3EE36813F4D1BB0093C9F8 /* textSlab@2x.png in Resources */,
				3B3EE36913F4D1BB0093C9F8 /* textSlab~ipad.png in Resources */,
				3B3EE36E13F4E9440093C9F8 /* loading.png in Resources */,
				3B3EE38113F4F47F0093C9F8 /* Default-Portrait~ipad.png in Resources */,
				3B3EE38213F4F47F0093C9F8 /* Default.png in Resources */,
				3B3EE38313F4F47F0093C9F8 /* Default@2x.png in Resources */,
				3BFFB6B013F63617007DB416 /* Default-Landscape~ipad.png in Resources */,
				3BFFB6B513F637D2007DB416 /* txtMask-Landscape~ipad.png in Resources */,
				3BFFB6B613F637D2007DB416 /* txtMask-Portrait~ipad.png in Resources */,
				3BFFB6B713F637D2007DB416 /* txtMask.png in Resources */,
				3BFFB6B813F637D2007DB416 /* txtMask@2x.png in Resources */,
				3B9EEC4F13F758210025BB8C /* Entitlements.plist in Resources */,
				3B60B21913F7692700C6D10A /* loading@2x.png in Resources */,
				3B60B21A13F7692700C6D10A /* loading~ipad.png in Resources */,
				3BD1D97713FA0EEE007A43E6 /* bk-Landscape~ipad.png in Resources */,
				3BD1D97A13FA1006007A43E6 /* bk~ipad.png in Resources */,
				3BD1D97C13FA105E007A43E6 /* Slab-Landscape~ipad.png in Resources */,
				3BBA992B13FB7AE30025CC74 /* ContactDown.png in Resources */,
				3BBA992C13FB7AE30025CC74 /* ContactDown@2x.png in Resources */,
				3BBA992D13FB7AE30025CC74 /* ContactDown~ipad.png in Resources */,
				3BBA992E13FB7AE30025CC74 /* ContactUp.png in Resources */,
				3BBA992F13FB7AE30025CC74 /* ContactUp@2x.png in Resources */,
				3BBA993013FB7AE30025CC74 /* ContactUp~ipad.png in Resources */,
				3BE98AA813FDA3BD0079EAC0 /* MainWindow-iPad.xib in Resources */,
				3BE98AAC13FDA3DB0079EAC0 /* MainWindow-iPad.xib in Resources */,
				3B44181C13FDB7FC007BDA3B /* MainView~iPad.xib in Resources */,
			);
			runOnlyForDeploymentPostprocessing = 0;
		};
/* End PBXResourcesBuildPhase section */

/* Begin PBXSourcesBuildPhase section */
		3B86F78313DBB83200B9C7A2 /* Sources */ = {
			isa = PBXSourcesBuildPhase;
			buildActionMask = 2147483647;
			files = (
				3B86F79913DBB83200B9C7A2 /* main.m in Sources */,
				3B86F79C13DBB83200B9C7A2 /* MIX94AppDelegate.mm in Sources */,
				3B86F7A213DBB83200B9C7A2 /* MainViewController.mm in Sources */,
				3B86F7A713DBB83200B9C7A2 /* FlipsideViewController.m in Sources */,
				3B48762413F0E038001E87A4 /* AudioStreamer.m in Sources */,
				3B48762513F0E038001E87A4 /* AQLevelMeter.mm in Sources */,
				3B48762613F0E038001E87A4 /* GLLevelMeter.m in Sources */,
				3B48762713F0E038001E87A4 /* LevelMeter.m in Sources */,
				3B48762813F0E038001E87A4 /* LevelView.mm in Sources */,
				3B48762913F0E038001E87A4 /* MeterTable.cpp in Sources */,
				3B48762A13F0E038001E87A4 /* CADebugMacros.mm in Sources */,
				3B48762B13F0E038001E87A4 /* CADebugPrintf.cpp in Sources */,
				3B48762C13F0E038001E87A4 /* CAStreamBasicDescription.mm in Sources */,
				3B48762D13F0E038001E87A4 /* CAXException.mm in Sources */,
				3B48764613F0E05C001E87A4 /* NSObject+SBJson.m in Sources */,
				3B48764713F0E05C001E87A4 /* SBJsonParser.m in Sources */,
				3B48764813F0E05C001E87A4 /* SBJsonStreamParser.m in Sources */,
				3B48764913F0E05C001E87A4 /* SBJsonStreamParserAccumulator.m in Sources */,
				3B48764A13F0E05C001E87A4 /* SBJsonStreamParserState.m in Sources */,
				3B48764B13F0E05C001E87A4 /* SBJsonStreamWriter.m in Sources */,
				3B48764C13F0E05C001E87A4 /* SBJsonStreamWriterAccumulator.m in Sources */,
				3B48764D13F0E05C001E87A4 /* SBJsonStreamWriterState.m in Sources */,
				3B48764E13F0E05C001E87A4 /* SBJsonTokeniser.m in Sources */,
				3B48764F13F0E05C001E87A4 /* SBJsonUTF8Stream.m in Sources */,
				3B48765013F0E05C001E87A4 /* SBJsonWriter.m in Sources */,
				3B48765313F0E0BB001E87A4 /* TwitterFeed.m in Sources */,
				3B44181F13FDB80A007BDA3B /* MainViewController_iPad.mm in Sources */,
			);
			runOnlyForDeploymentPostprocessing = 0;
		};
/* End PBXSourcesBuildPhase section */

/* Begin PBXVariantGroup section */
		3B44181A13FDB7FC007BDA3B /* MainView~iPad.xib */ = {
			isa = PBXVariantGroup;
			children = (
				3B44181B13FDB7FC007BDA3B /* en */,
			);
			name = "MainView~iPad.xib";
			sourceTree = "<group>";
		};
		3B6DD52C13DC77A000400D86 /* Errors.strings */ = {
			isa = PBXVariantGroup;
			children = (
				3B6DD52D13DC77A000400D86 /* en */,
			);
			name = Errors.strings;
			sourceTree = "<group>";
		};
		3B86F79413DBB83200B9C7A2 /* InfoPlist.strings */ = {
			isa = PBXVariantGroup;
			children = (
				3B86F79513DBB83200B9C7A2 /* en */,
			);
			name = InfoPlist.strings;
			sourceTree = "<group>";
		};
		3B86F79D13DBB83200B9C7A2 /* MainWindow.xib */ = {
			isa = PBXVariantGroup;
			children = (
				3B86F79E13DBB83200B9C7A2 /* en */,
			);
			name = MainWindow.xib;
			sourceTree = "<group>";
		};
		3BE98AAA13FDA3DB0079EAC0 /* MainWindow-iPad.xib */ = {
			isa = PBXVariantGroup;
			children = (
				3BE98AAB13FDA3DB0079EAC0 /* en */,
			);
			name = "MainWindow-iPad.xib";
			sourceTree = "<group>";
		};
		3BF730AF13F2433D00761C24 /* MainWindow-iPad.xib */ = {
			isa = PBXVariantGroup;
			children = (
			);
			name = "MainWindow-iPad.xib";
			path = /Users/stevenfusco/Documents/Projects/Cibo/NohrdenRadio/ios/KLUC/iPad/en.lproj;
			sourceTree = "<absolute>";
		};
/* End PBXVariantGroup section */

/* Begin XCBuildConfiguration section */
		3B86F7AA13DBB83200B9C7A2 /* Debug */ = {
			isa = XCBuildConfiguration;
			buildSettings = {
				ARCHS = "$(ARCHS_STANDARD_32_BIT)";
				"CODE_SIGN_IDENTITY[sdk=iphoneos*]" = "iPhone Distribution: Cibo Technology, LLC";
				GCC_C_LANGUAGE_STANDARD = gnu99;
				GCC_OPTIMIZATION_LEVEL = 0;
				GCC_PREPROCESSOR_DEFINITIONS = DEBUG;
				GCC_SYMBOLS_PRIVATE_EXTERN = NO;
				GCC_VERSION = com.apple.compilers.llvmgcc42;
				GCC_WARN_ABOUT_RETURN_TYPE = YES;
				GCC_WARN_UNUSED_VARIABLE = YES;
				IPHONEOS_DEPLOYMENT_TARGET = 4.3;
				"PROVISIONING_PROFILE[sdk=iphoneos*]" = "14E14EFC-1581-4D3A-BC4C-8150E4C9C1F4";
				SDKROOT = iphoneos;
			};
			name = Debug;
		};
		3B86F7AB13DBB83200B9C7A2 /* Release */ = {
			isa = XCBuildConfiguration;
			buildSettings = {
				ARCHS = "$(ARCHS_STANDARD_32_BIT)";
				"CODE_SIGN_IDENTITY[sdk=iphoneos*]" = "iPhone Distribution: Cibo Technology, LLC";
				GCC_C_LANGUAGE_STANDARD = gnu99;
				GCC_VERSION = com.apple.compilers.llvmgcc42;
				GCC_WARN_ABOUT_RETURN_TYPE = YES;
				GCC_WARN_UNUSED_VARIABLE = YES;
				IPHONEOS_DEPLOYMENT_TARGET = 4.3;
				OTHER_CFLAGS = "-DNS_BLOCK_ASSERTIONS=1";
				"PROVISIONING_PROFILE[sdk=iphoneos*]" = "14E14EFC-1581-4D3A-BC4C-8150E4C9C1F4";
				SDKROOT = iphoneos;
			};
			name = Release;
		};
		3B86F7AD13DBB83200B9C7A2 /* Debug */ = {
			isa = XCBuildConfiguration;
			buildSettings = {
				ALWAYS_SEARCH_USER_PATHS = NO;
				COPY_PHASE_STRIP = NO;
				GCC_DYNAMIC_NO_PIC = NO;
				GCC_PRECOMPILE_PREFIX_HEADER = YES;
				GCC_PREFIX_HEADER = "MIX/MIX-Prefix.pch";
				INFOPLIST_FILE = "MIX/MIX-Info.plist";
				IPHONEOS_DEPLOYMENT_TARGET = 4.3;
				PRODUCT_NAME = "$(TARGET_NAME)";
				TARGETED_DEVICE_FAMILY = "1,2";
				WRAPPER_EXTENSION = app;
			};
			name = Debug;
		};
		3B86F7AE13DBB83200B9C7A2 /* Release */ = {
			isa = XCBuildConfiguration;
			buildSettings = {
				ALWAYS_SEARCH_USER_PATHS = NO;
				COPY_PHASE_STRIP = YES;
				GCC_PRECOMPILE_PREFIX_HEADER = YES;
				GCC_PREFIX_HEADER = "MIX/MIX-Prefix.pch";
				INFOPLIST_FILE = "MIX/MIX-Info.plist";
				IPHONEOS_DEPLOYMENT_TARGET = 4.3;
				PRODUCT_NAME = "$(TARGET_NAME)";
				TARGETED_DEVICE_FAMILY = "1,2";
				VALIDATE_PRODUCT = YES;
				WRAPPER_EXTENSION = app;
			};
			name = Release;
		};
		3B9EEC5013F758AC0025BB8C /* AdHoc */ = {
			isa = XCBuildConfiguration;
			buildSettings = {
				ARCHS = "$(ARCHS_STANDARD_32_BIT)";
				CODE_SIGN_ENTITLEMENTS = Entitlements.plist;
				"CODE_SIGN_ENTITLEMENTS[sdk=*]" = Entitlements.plist;
				"CODE_SIGN_IDENTITY[sdk=iphoneos*]" = "iPhone Distribution: Cibo Technology, LLC";
				GCC_C_LANGUAGE_STANDARD = gnu99;
				GCC_VERSION = com.apple.compilers.llvmgcc42;
				GCC_WARN_ABOUT_RETURN_TYPE = YES;
				GCC_WARN_UNUSED_VARIABLE = YES;
				IPHONEOS_DEPLOYMENT_TARGET = 4.3;
				OTHER_CFLAGS = "-DNS_BLOCK_ASSERTIONS=1";
				"PROVISIONING_PROFILE[sdk=iphoneos*]" = "14E14EFC-1581-4D3A-BC4C-8150E4C9C1F4";
				SDKROOT = iphoneos;
			};
			name = AdHoc;
		};
		3B9EEC5113F758AC0025BB8C /* AdHoc */ = {
			isa = XCBuildConfiguration;
			buildSettings = {
				ALWAYS_SEARCH_USER_PATHS = NO;
				COPY_PHASE_STRIP = YES;
				GCC_PRECOMPILE_PREFIX_HEADER = YES;
				GCC_PREFIX_HEADER = "MIX/MIX-Prefix.pch";
				INFOPLIST_FILE = "MIX/MIX-Info.plist";
				IPHONEOS_DEPLOYMENT_TARGET = 4.3;
				PRODUCT_NAME = "$(TARGET_NAME)";
				TARGETED_DEVICE_FAMILY = "1,2";
				VALIDATE_PRODUCT = YES;
				WRAPPER_EXTENSION = app;
			};
			name = AdHoc;
		};
/* End XCBuildConfiguration section */

/* Begin XCConfigurationList section */
		3B86F78113DBB83100B9C7A2 /* Build configuration list for PBXProject "MIX" */ = {
			isa = XCConfigurationList;
			buildConfigurations = (
				3B86F7AA13DBB83200B9C7A2 /* Debug */,
				3B86F7AB13DBB83200B9C7A2 /* Release */,
				3B9EEC5013F758AC0025BB8C /* AdHoc */,
			);
			defaultConfigurationIsVisible = 0;
			defaultConfigurationName = Release;
		};
		3B86F7AC13DBB83200B9C7A2 /* Build configuration list for PBXNativeTarget "mixradio" */ = {
			isa = XCConfigurationList;
			buildConfigurations = (
				3B86F7AD13DBB83200B9C7A2 /* Debug */,
				3B86F7AE13DBB83200B9C7A2 /* Release */,
				3B9EEC5113F758AC0025BB8C /* AdHoc */,
			);
			defaultConfigurationIsVisible = 0;
			defaultConfigurationName = Release;
		};
/* End XCConfigurationList section */
	};
	rootObject = 3B86F77E13DBB83100B9C7A2 /* Project object */;
}
